// !$*UTF8*$!
{
	archiveVersion = 1;
	classes = {
	};
	objectVersion = 56;
	objects = {

/* Begin PBXBuildFile section */
		AAF3CD5F2B576C770067D3BB /* sample_iosApp.swift in Sources */ = {isa = PBXBuildFile; fileRef = AAF3CD5E2B576C770067D3BB /* sample_iosApp.swift */; };
		AAF3CD612B576C770067D3BB /* ContentView.swift in Sources */ = {isa = PBXBuildFile; fileRef = AAF3CD602B576C770067D3BB /* ContentView.swift */; };
		AAF3CD632B576C780067D3BB /* Assets.xcassets in Resources */ = {isa = PBXBuildFile; fileRef = AAF3CD622B576C780067D3BB /* Assets.xcassets */; };
		AAF3CD662B576C780067D3BB /* Preview Assets.xcassets in Resources */ = {isa = PBXBuildFile; fileRef = AAF3CD652B576C780067D3BB /* Preview Assets.xcassets */; };
		AAF3CD702B576C780067D3BB /* sample_iosTests.swift in Sources */ = {isa = PBXBuildFile; fileRef = AAF3CD6F2B576C780067D3BB /* sample_iosTests.swift */; };
		AAF3CD7A2B576C780067D3BB /* sample_iosUITests.swift in Sources */ = {isa = PBXBuildFile; fileRef = AAF3CD792B576C780067D3BB /* sample_iosUITests.swift */; };
		AAF3CD7C2B576C780067D3BB /* sample_iosUITestsLaunchTests.swift in Sources */ = {isa = PBXBuildFile; fileRef = AAF3CD7B2B576C780067D3BB /* sample_iosUITestsLaunchTests.swift */; };
/* End PBXBuildFile section */

/* Begin PBXContainerItemProxy section */
		AAF3CD6C2B576C780067D3BB /* PBXContainerItemProxy */ = {
			isa = PBXContainerItemProxy;
			containerPortal = AAF3CD532B576C770067D3BB /* Project object */;
			proxyType = 1;
			remoteGlobalIDString = AAF3CD5A2B576C770067D3BB;
			remoteInfo = "sample-ios";
		};
		AAF3CD762B576C780067D3BB /* PBXContainerItemProxy */ = {
			isa = PBXContainerItemProxy;
			containerPortal = AAF3CD532B576C770067D3BB /* Project object */;
			proxyType = 1;
			remoteGlobalIDString = AAF3CD5A2B576C770067D3BB;
			remoteInfo = "sample-ios";
		};
/* End PBXContainerItemProxy section */

/* Begin PBXFileReference section */
		AAF3CD5B2B576C770067D3BB /* sample-ios.app */ = {isa = PBXFileReference; explicitFileType = wrapper.application; includeInIndex = 0; path = "sample-ios.app"; sourceTree = BUILT_PRODUCTS_DIR; };
		AAF3CD5E2B576C770067D3BB /* sample_iosApp.swift */ = {isa = PBXFileReference; lastKnownFileType = sourcecode.swift; path = sample_iosApp.swift; sourceTree = "<group>"; };
		AAF3CD602B576C770067D3BB /* ContentView.swift */ = {isa = PBXFileReference; lastKnownFileType = sourcecode.swift; path = ContentView.swift; sourceTree = "<group>"; };
		AAF3CD622B576C780067D3BB /* Assets.xcassets */ = {isa = PBXFileReference; lastKnownFileType = folder.assetcatalog; path = Assets.xcassets; sourceTree = "<group>"; };
		AAF3CD652B576C780067D3BB /* Preview Assets.xcassets */ = {isa = PBXFileReference; lastKnownFileType = folder.assetcatalog; path = "Preview Assets.xcassets"; sourceTree = "<group>"; };
		AAF3CD6B2B576C780067D3BB /* sample-iosTests.xctest */ = {isa = PBXFileReference; explicitFileType = wrapper.cfbundle; includeInIndex = 0; path = "sample-iosTests.xctest"; sourceTree = BUILT_PRODUCTS_DIR; };
		AAF3CD6F2B576C780067D3BB /* sample_iosTests.swift */ = {isa = PBXFileReference; lastKnownFileType = sourcecode.swift; path = sample_iosTests.swift; sourceTree = "<group>"; };
		AAF3CD752B576C780067D3BB /* sample-iosUITests.xctest */ = {isa = PBXFileReference; explicitFileType = wrapper.cfbundle; includeInIndex = 0; path = "sample-iosUITests.xctest"; sourceTree = BUILT_PRODUCTS_DIR; };
		AAF3CD792B576C780067D3BB /* sample_iosUITests.swift */ = {isa = PBXFileReference; lastKnownFileType = sourcecode.swift; path = sample_iosUITests.swift; sourceTree = "<group>"; };
		AAF3CD7B2B576C780067D3BB /* sample_iosUITestsLaunchTests.swift */ = {isa = PBXFileReference; lastKnownFileType = sourcecode.swift; path = sample_iosUITestsLaunchTests.swift; sourceTree = "<group>"; };
/* End PBXFileReference section */

/* Begin PBXFrameworksBuildPhase section */
		AAF3CD582B576C770067D3BB /* Frameworks */ = {
			isa = PBXFrameworksBuildPhase;
			buildActionMask = 2147483647;
			files = (
			);
			runOnlyForDeploymentPostprocessing = 0;
		};
		AAF3CD682B576C780067D3BB /* Frameworks */ = {
			isa = PBXFrameworksBuildPhase;
			buildActionMask = 2147483647;
			files = (
			);
			runOnlyForDeploymentPostprocessing = 0;
		};
		AAF3CD722B576C780067D3BB /* Frameworks */ = {
			isa = PBXFrameworksBuildPhase;
			buildActionMask = 2147483647;
			files = (
			);
			runOnlyForDeploymentPostprocessing = 0;
		};
/* End PBXFrameworksBuildPhase section */

/* Begin PBXGroup section */
		AAF3CD522B576C770067D3BB = {
			isa = PBXGroup;
			children = (
				AAF3CD5D2B576C770067D3BB /* sample-ios */,
				AAF3CD6E2B576C780067D3BB /* sample-iosTests */,
				AAF3CD782B576C780067D3BB /* sample-iosUITests */,
				AAF3CD5C2B576C770067D3BB /* Products */,
			);
			sourceTree = "<group>";
		};
		AAF3CD5C2B576C770067D3BB /* Products */ = {
			isa = PBXGroup;
			children = (
				AAF3CD5B2B576C770067D3BB /* sample-ios.app */,
				AAF3CD6B2B576C780067D3BB /* sample-iosTests.xctest */,
				AAF3CD752B576C780067D3BB /* sample-iosUITests.xctest */,
			);
			name = Products;
			sourceTree = "<group>";
		};
		AAF3CD5D2B576C770067D3BB /* sample-ios */ = {
			isa = PBXGroup;
			children = (
				AAF3CD5E2B576C770067D3BB /* sample_iosApp.swift */,
				AAF3CD602B576C770067D3BB /* ContentView.swift */,
				AAF3CD622B576C780067D3BB /* Assets.xcassets */,
				AAF3CD642B576C780067D3BB /* Preview Content */,
			);
			path = "sample-ios";
			sourceTree = "<group>";
		};
		AAF3CD642B576C780067D3BB /* Preview Content */ = {
			isa = PBXGroup;
			children = (
				AAF3CD652B576C780067D3BB /* Preview Assets.xcassets */,
			);
			path = "Preview Content";
			sourceTree = "<group>";
		};
		AAF3CD6E2B576C780067D3BB /* sample-iosTests */ = {
			isa = PBXGroup;
			children = (
				AAF3CD6F2B576C780067D3BB /* sample_iosTests.swift */,
			);
			path = "sample-iosTests";
			sourceTree = "<group>";
		};
		AAF3CD782B576C780067D3BB /* sample-iosUITests */ = {
			isa = PBXGroup;
			children = (
				AAF3CD792B576C780067D3BB /* sample_iosUITests.swift */,
				AAF3CD7B2B576C780067D3BB /* sample_iosUITestsLaunchTests.swift */,
			);
			path = "sample-iosUITests";
			sourceTree = "<group>";
		};
/* End PBXGroup section */

/* Begin PBXNativeTarget section */
		AAF3CD5A2B576C770067D3BB /* sample-ios */ = {
			isa = PBXNativeTarget;
			buildConfigurationList = AAF3CD7F2B576C780067D3BB /* Build configuration list for PBXNativeTarget "sample-ios" */;
			buildPhases = (
				AAF3CD572B576C770067D3BB /* Sources */,
				AAF3CD582B576C770067D3BB /* Frameworks */,
				AAF3CD592B576C770067D3BB /* Resources */,
			);
			buildRules = (
			);
			dependencies = (
			);
			name = "sample-ios";
			productName = "sample-ios";
			productReference = AAF3CD5B2B576C770067D3BB /* sample-ios.app */;
			productType = "com.apple.product-type.application";
		};
		AAF3CD6A2B576C780067D3BB /* sample-iosTests */ = {
			isa = PBXNativeTarget;
			buildConfigurationList = AAF3CD822B576C780067D3BB /* Build configuration list for PBXNativeTarget "sample-iosTests" */;
			buildPhases = (
				AAF3CD672B576C780067D3BB /* Sources */,
				AAF3CD682B576C780067D3BB /* Frameworks */,
				AAF3CD692B576C780067D3BB /* Resources */,
			);
			buildRules = (
			);
			dependencies = (
				AAF3CD6D2B576C780067D3BB /* PBXTargetDependency */,
			);
			name = "sample-iosTests";
			productName = "sample-iosTests";
			productReference = AAF3CD6B2B576C780067D3BB /* sample-iosTests.xctest */;
			productType = "com.apple.product-type.bundle.unit-test";
		};
		AAF3CD742B576C780067D3BB /* sample-iosUITests */ = {
			isa = PBXNativeTarget;
			buildConfigurationList = AAF3CD852B576C780067D3BB /* Build configuration list for PBXNativeTarget "sample-iosUITests" */;
			buildPhases = (
				AAF3CD712B576C780067D3BB /* Sources */,
				AAF3CD722B576C780067D3BB /* Frameworks */,
				AAF3CD732B576C780067D3BB /* Resources */,
			);
			buildRules = (
			);
			dependencies = (
				AAF3CD772B576C780067D3BB /* PBXTargetDependency */,
			);
			name = "sample-iosUITests";
			productName = "sample-iosUITests";
			productReference = AAF3CD752B576C780067D3BB /* sample-iosUITests.xctest */;
			productType = "com.apple.product-type.bundle.ui-testing";
		};
/* End PBXNativeTarget section */

/* Begin PBXProject section */
		AAF3CD532B576C770067D3BB /* Project object */ = {
			isa = PBXProject;
			attributes = {
				BuildIndependentTargetsInParallel = 1;
				LastSwiftUpdateCheck = 1520;
				LastUpgradeCheck = 1520;
				TargetAttributes = {
					AAF3CD5A2B576C770067D3BB = {
						CreatedOnToolsVersion = 15.2;
					};
					AAF3CD6A2B576C780067D3BB = {
						CreatedOnToolsVersion = 15.2;
						TestTargetID = AAF3CD5A2B576C770067D3BB;
					};
					AAF3CD742B576C780067D3BB = {
						CreatedOnToolsVersion = 15.2;
						TestTargetID = AAF3CD5A2B576C770067D3BB;
					};
				};
			};
			buildConfigurationList = AAF3CD562B576C770067D3BB /* Build configuration list for PBXProject "sample-ios" */;
			compatibilityVersion = "Xcode 14.0";
			developmentRegion = en;
			hasScannedForEncodings = 0;
			knownRegions = (
				en,
				Base,
			);
			mainGroup = AAF3CD522B576C770067D3BB;
			productRefGroup = AAF3CD5C2B576C770067D3BB /* Products */;
			projectDirPath = "";
			projectRoot = "";
			targets = (
				AAF3CD5A2B576C770067D3BB /* sample-ios */,
				AAF3CD6A2B576C780067D3BB /* sample-iosTests */,
				AAF3CD742B576C780067D3BB /* sample-iosUITests */,
			);
		};
/* End PBXProject section */

/* Begin PBXResourcesBuildPhase section */
		AAF3CD592B576C770067D3BB /* Resources */ = {
			isa = PBXResourcesBuildPhase;
			buildActionMask = 2147483647;
			files = (
				AAF3CD662B576C780067D3BB /* Preview Assets.xcassets in Resources */,
				AAF3CD632B576C780067D3BB /* Assets.xcassets in Resources */,
			);
			runOnlyForDeploymentPostprocessing = 0;
		};
		AAF3CD692B576C780067D3BB /* Resources */ = {
			isa = PBXResourcesBuildPhase;
			buildActionMask = 2147483647;
			files = (
			);
			runOnlyForDeploymentPostprocessing = 0;
		};
		AAF3CD732B576C780067D3BB /* Resources */ = {
			isa = PBXResourcesBuildPhase;
			buildActionMask = 2147483647;
			files = (
			);
			runOnlyForDeploymentPostprocessing = 0;
		};
/* End PBXResourcesBuildPhase section */

/* Begin PBXSourcesBuildPhase section */
		AAF3CD572B576C770067D3BB /* Sources */ = {
			isa = PBXSourcesBuildPhase;
			buildActionMask = 2147483647;
			files = (
				AAF3CD612B576C770067D3BB /* ContentView.swift in Sources */,
				AAF3CD5F2B576C770067D3BB /* sample_iosApp.swift in Sources */,
			);
			runOnlyForDeploymentPostprocessing = 0;
		};
		AAF3CD672B576C780067D3BB /* Sources */ = {
			isa = PBXSourcesBuildPhase;
			buildActionMask = 2147483647;
			files = (
				AAF3CD702B576C780067D3BB /* sample_iosTests.swift in Sources */,
			);
			runOnlyForDeploymentPostprocessing = 0;
		};
		AAF3CD712B576C780067D3BB /* Sources */ = {
			isa = PBXSourcesBuildPhase;
			buildActionMask = 2147483647;
			files = (
				AAF3CD7C2B576C780067D3BB /* sample_iosUITestsLaunchTests.swift in Sources */,
				AAF3CD7A2B576C780067D3BB /* sample_iosUITests.swift in Sources */,
			);
			runOnlyForDeploymentPostprocessing = 0;
		};
/* End PBXSourcesBuildPhase section */

/* Begin PBXTargetDependency section */
		AAF3CD6D2B576C780067D3BB /* PBXTargetDependency */ = {
			isa = PBXTargetDependency;
			target = AAF3CD5A2B576C770067D3BB /* sample-ios */;
			targetProxy = AAF3CD6C2B576C780067D3BB /* PBXContainerItemProxy */;
		};
		AAF3CD772B576C780067D3BB /* PBXTargetDependency */ = {
			isa = PBXTargetDependency;
			target = AAF3CD5A2B576C770067D3BB /* sample-ios */;
			targetProxy = AAF3CD762B576C780067D3BB /* PBXContainerItemProxy */;
		};
/* End PBXTargetDependency section */

/* Begin XCBuildConfiguration section */
		AAF3CD7D2B576C780067D3BB /* Debug */ = {
			isa = XCBuildConfiguration;
			buildSettings = {
				ALWAYS_SEARCH_USER_PATHS = NO;
				ASSETCATALOG_COMPILER_GENERATE_SWIFT_ASSET_SYMBOL_EXTENSIONS = YES;
				CLANG_ANALYZER_NONNULL = YES;
				CLANG_ANALYZER_NUMBER_OBJECT_CONVERSION = YES_AGGRESSIVE;
				CLANG_CXX_LANGUAGE_STANDARD = "gnu++20";
				CLANG_ENABLE_MODULES = YES;
				CLANG_ENABLE_OBJC_ARC = YES;
				CLANG_ENABLE_OBJC_WEAK = YES;
				CLANG_WARN_BLOCK_CAPTURE_AUTORELEASING = YES;
				CLANG_WARN_BOOL_CONVERSION = YES;
				CLANG_WARN_COMMA = YES;
				CLANG_WARN_CONSTANT_CONVERSION = YES;
				CLANG_WARN_DEPRECATED_OBJC_IMPLEMENTATIONS = YES;
				CLANG_WARN_DIRECT_OBJC_ISA_USAGE = YES_ERROR;
				CLANG_WARN_DOCUMENTATION_COMMENTS = YES;
				CLANG_WARN_EMPTY_BODY = YES;
				CLANG_WARN_ENUM_CONVERSION = YES;
				CLANG_WARN_INFINITE_RECURSION = YES;
				CLANG_WARN_INT_CONVERSION = YES;
				CLANG_WARN_NON_LITERAL_NULL_CONVERSION = YES;
				CLANG_WARN_OBJC_IMPLICIT_RETAIN_SELF = YES;
				CLANG_WARN_OBJC_LITERAL_CONVERSION = YES;
				CLANG_WARN_OBJC_ROOT_CLASS = YES_ERROR;
				CLANG_WARN_QUOTED_INCLUDE_IN_FRAMEWORK_HEADER = YES;
				CLANG_WARN_RANGE_LOOP_ANALYSIS = YES;
				CLANG_WARN_STRICT_PROTOTYPES = YES;
				CLANG_WARN_SUSPICIOUS_MOVE = YES;
				CLANG_WARN_UNGUARDED_AVAILABILITY = YES_AGGRESSIVE;
				CLANG_WARN_UNREACHABLE_CODE = YES;
				CLANG_WARN__DUPLICATE_METHOD_MATCH = YES;
				COPY_PHASE_STRIP = NO;
				DEBUG_INFORMATION_FORMAT = dwarf;
				ENABLE_STRICT_OBJC_MSGSEND = YES;
				ENABLE_TESTABILITY = YES;
				ENABLE_USER_SCRIPT_SANDBOXING = YES;
				GCC_C_LANGUAGE_STANDARD = gnu17;
				GCC_DYNAMIC_NO_PIC = NO;
				GCC_NO_COMMON_BLOCKS = YES;
				GCC_OPTIMIZATION_LEVEL = 0;
				GCC_PREPROCESSOR_DEFINITIONS = (
					"DEBUG=1",
					"$(inherited)",
				);
				GCC_WARN_64_TO_32_BIT_CONVERSION = YES;
				GCC_WARN_ABOUT_RETURN_TYPE = YES_ERROR;
				GCC_WARN_UNDECLARED_SELECTOR = YES;
				GCC_WARN_UNINITIALIZED_AUTOS = YES_AGGRESSIVE;
				GCC_WARN_UNUSED_FUNCTION = YES;
				GCC_WARN_UNUSED_VARIABLE = YES;
				IPHONEOS_DEPLOYMENT_TARGET = 17.2;
				LOCALIZATION_PREFERS_STRING_CATALOGS = YES;
				MTL_ENABLE_DEBUG_INFO = INCLUDE_SOURCE;
				MTL_FAST_MATH = YES;
				ONLY_ACTIVE_ARCH = YES;
				SDKROOT = iphoneos;
				SWIFT_ACTIVE_COMPILATION_CONDITIONS = "DEBUG $(inherited)";
				SWIFT_OPTIMIZATION_LEVEL = "-Onone";
			};
			name = Debug;
		};
		AAF3CD7E2B576C780067D3BB /* Release */ = {
			isa = XCBuildConfiguration;
			buildSettings = {
				ALWAYS_SEARCH_USER_PATHS = NO;
				ASSETCATALOG_COMPILER_GENERATE_SWIFT_ASSET_SYMBOL_EXTENSIONS = YES;
				CLANG_ANALYZER_NONNULL = YES;
				CLANG_ANALYZER_NUMBER_OBJECT_CONVERSION = YES_AGGRESSIVE;
				CLANG_CXX_LANGUAGE_STANDARD = "gnu++20";
				CLANG_ENABLE_MODULES = YES;
				CLANG_ENABLE_OBJC_ARC = YES;
				CLANG_ENABLE_OBJC_WEAK = YES;
				CLANG_WARN_BLOCK_CAPTURE_AUTORELEASING = YES;
				CLANG_WARN_BOOL_CONVERSION = YES;
				CLANG_WARN_COMMA = YES;
				CLANG_WARN_CONSTANT_CONVERSION = YES;
				CLANG_WARN_DEPRECATED_OBJC_IMPLEMENTATIONS = YES;
				CLANG_WARN_DIRECT_OBJC_ISA_USAGE = YES_ERROR;
				CLANG_WARN_DOCUMENTATION_COMMENTS = YES;
				CLANG_WARN_EMPTY_BODY = YES;
				CLANG_WARN_ENUM_CONVERSION = YES;
				CLANG_WARN_INFINITE_RECURSION = YES;
				CLANG_WARN_INT_CONVERSION = YES;
				CLANG_WARN_NON_LITERAL_NULL_CONVERSION = YES;
				CLANG_WARN_OBJC_IMPLICIT_RETAIN_SELF = YES;
				CLANG_WARN_OBJC_LITERAL_CONVERSION = YES;
				CLANG_WARN_OBJC_ROOT_CLASS = YES_ERROR;
				CLANG_WARN_QUOTED_INCLUDE_IN_FRAMEWORK_HEADER = YES;
				CLANG_WARN_RANGE_LOOP_ANALYSIS = YES;
				CLANG_WARN_STRICT_PROTOTYPES = YES;
				CLANG_WARN_SUSPICIOUS_MOVE = YES;
				CLANG_WARN_UNGUARDED_AVAILABILITY = YES_AGGRESSIVE;
				CLANG_WARN_UNREACHABLE_CODE = YES;
				CLANG_WARN__DUPLICATE_METHOD_MATCH = YES;
				COPY_PHASE_STRIP = NO;
				DEBUG_INFORMATION_FORMAT = "dwarf-with-dsym";
				ENABLE_NS_ASSERTIONS = NO;
				ENABLE_STRICT_OBJC_MSGSEND = YES;
				ENABLE_USER_SCRIPT_SANDBOXING = YES;
				GCC_C_LANGUAGE_STANDARD = gnu17;
				GCC_NO_COMMON_BLOCKS = YES;
				GCC_WARN_64_TO_32_BIT_CONVERSION = YES;
				GCC_WARN_ABOUT_RETURN_TYPE = YES_ERROR;
				GCC_WARN_UNDECLARED_SELECTOR = YES;
				GCC_WARN_UNINITIALIZED_AUTOS = YES_AGGRESSIVE;
				GCC_WARN_UNUSED_FUNCTION = YES;
				GCC_WARN_UNUSED_VARIABLE = YES;
				IPHONEOS_DEPLOYMENT_TARGET = 17.2;
				LOCALIZATION_PREFERS_STRING_CATALOGS = YES;
				MTL_ENABLE_DEBUG_INFO = NO;
				MTL_FAST_MATH = YES;
				SDKROOT = iphoneos;
				SWIFT_COMPILATION_MODE = wholemodule;
				VALIDATE_PRODUCT = YES;
			};
			name = Release;
		};
		AAF3CD802B576C780067D3BB /* Debug */ = {
			isa = XCBuildConfiguration;
			buildSettings = {
				ASSETCATALOG_COMPILER_APPICON_NAME = AppIcon;
				ASSETCATALOG_COMPILER_GLOBAL_ACCENT_COLOR_NAME = AccentColor;
				CODE_SIGN_STYLE = Automatic;
				CURRENT_PROJECT_VERSION = 1;
				DEVELOPMENT_ASSET_PATHS = "\"sample-ios/Preview Content\"";
				DEVELOPMENT_TEAM = S3QP8TRX3L;
				ENABLE_PREVIEWS = YES;
				GENERATE_INFOPLIST_FILE = YES;
				INFOPLIST_KEY_UIApplicationSceneManifest_Generation = YES;
				INFOPLIST_KEY_UIApplicationSupportsIndirectInputEvents = YES;
				INFOPLIST_KEY_UILaunchScreen_Generation = YES;
				INFOPLIST_KEY_UISupportedInterfaceOrientations_iPad = "UIInterfaceOrientationPortrait UIInterfaceOrientationPortraitUpsideDown UIInterfaceOrientationLandscapeLeft UIInterfaceOrientationLandscapeRight";
				INFOPLIST_KEY_UISupportedInterfaceOrientations_iPhone = "UIInterfaceOrientationPortrait UIInterfaceOrientationLandscapeLeft UIInterfaceOrientationLandscapeRight";
				LD_RUNPATH_SEARCH_PATHS = (
					"$(inherited)",
					"@executable_path/Frameworks",
				);
				MARKETING_VERSION = 1.0;
				PRODUCT_BUNDLE_IDENTIFIER = "com.fateindestiny.study.sample-ios";
				PRODUCT_NAME = "$(TARGET_NAME)";
				SWIFT_EMIT_LOC_STRINGS = YES;
				SWIFT_VERSION = 5.0;
				TARGETED_DEVICE_FAMILY = "1,2";
			};
			name = Debug;
		};
		AAF3CD812B576C780067D3BB /* Release */ = {
			isa = XCBuildConfiguration;
			buildSettings = {
				ASSETCATALOG_COMPILER_APPICON_NAME = AppIcon;
				ASSETCATALOG_COMPILER_GLOBAL_ACCENT_COLOR_NAME = AccentColor;
				CODE_SIGN_STYLE = Automatic;
				CURRENT_PROJECT_VERSION = 1;
				DEVELOPMENT_ASSET_PATHS = "\"sample-ios/Preview Content\"";
				DEVELOPMENT_TEAM = S3QP8TRX3L;
				ENABLE_PREVIEWS = YES;
				GENERATE_INFOPLIST_FILE = YES;
				INFOPLIST_KEY_UIApplicationSceneManifest_Generation = YES;
				INFOPLIST_KEY_UIApplicationSupportsIndirectInputEvents = YES;
				INFOPLIST_KEY_UILaunchScreen_Generation = YES;
				INFOPLIST_KEY_UISupportedInterfaceOrientations_iPad = "UIInterfaceOrientationPortrait UIInterfaceOrientationPortraitUpsideDown UIInterfaceOrientationLandscapeLeft UIInterfaceOrientationLandscapeRight";
				INFOPLIST_KEY_UISupportedInterfaceOrientations_iPhone = "UIInterfaceOrientationPortrait UIInterfaceOrientationLandscapeLeft UIInterfaceOrientationLandscapeRight";
				LD_RUNPATH_SEARCH_PATHS = (
					"$(inherited)",
					"@executable_path/Frameworks",
				);
				MARKETING_VERSION = 1.0;
				PRODUCT_BUNDLE_IDENTIFIER = "com.fateindestiny.study.sample-ios";
				PRODUCT_NAME = "$(TARGET_NAME)";
				SWIFT_EMIT_LOC_STRINGS = YES;
				SWIFT_VERSION = 5.0;
				TARGETED_DEVICE_FAMILY = "1,2";
			};
			name = Release;
		};
		AAF3CD832B576C780067D3BB /* Debug */ = {
			isa = XCBuildConfiguration;
			buildSettings = {
				ALWAYS_EMBED_SWIFT_STANDARD_LIBRARIES = YES;
				BUNDLE_LOADER = "$(TEST_HOST)";
				CODE_SIGN_STYLE = Automatic;
				CURRENT_PROJECT_VERSION = 1;
				DEVELOPMENT_TEAM = S3QP8TRX3L;
				GENERATE_INFOPLIST_FILE = YES;
				IPHONEOS_DEPLOYMENT_TARGET = 17.2;
				MARKETING_VERSION = 1.0;
				PRODUCT_BUNDLE_IDENTIFIER = "com.fateindestiny.study.sample-iosTests";
				PRODUCT_NAME = "$(TARGET_NAME)";
				SWIFT_EMIT_LOC_STRINGS = NO;
				SWIFT_VERSION = 5.0;
				TARGETED_DEVICE_FAMILY = "1,2";
				TEST_HOST = "$(BUILT_PRODUCTS_DIR)/sample-ios.app/$(BUNDLE_EXECUTABLE_FOLDER_PATH)/sample-ios";
			};
			name = Debug;
		};
		AAF3CD842B576C780067D3BB /* Release */ = {
			isa = XCBuildConfiguration;
			buildSettings = {
				ALWAYS_EMBED_SWIFT_STANDARD_LIBRARIES = YES;
				BUNDLE_LOADER = "$(TEST_HOST)";
				CODE_SIGN_STYLE = Automatic;
				CURRENT_PROJECT_VERSION = 1;
				DEVELOPMENT_TEAM = S3QP8TRX3L;
				GENERATE_INFOPLIST_FILE = YES;
				IPHONEOS_DEPLOYMENT_TARGET = 17.2;
				MARKETING_VERSION = 1.0;
				PRODUCT_BUNDLE_IDENTIFIER = "com.fateindestiny.study.sample-iosTests";
				PRODUCT_NAME = "$(TARGET_NAME)";
				SWIFT_EMIT_LOC_STRINGS = NO;
				SWIFT_VERSION = 5.0;
				TARGETED_DEVICE_FAMILY = "1,2";
				TEST_HOST = "$(BUILT_PRODUCTS_DIR)/sample-ios.app/$(BUNDLE_EXECUTABLE_FOLDER_PATH)/sample-ios";
			};
			name = Release;
		};
		AAF3CD862B576C780067D3BB /* Debug */ = {
			isa = XCBuildConfiguration;
			buildSettings = {
				ALWAYS_EMBED_SWIFT_STANDARD_LIBRARIES = YES;
				CODE_SIGN_STYLE = Automatic;
				CURRENT_PROJECT_VERSION = 1;
				DEVELOPMENT_TEAM = S3QP8TRX3L;
				GENERATE_INFOPLIST_FILE = YES;
				MARKETING_VERSION = 1.0;
				PRODUCT_BUNDLE_IDENTIFIER = "com.fateindestiny.study.sample-iosUITests";
				PRODUCT_NAME = "$(TARGET_NAME)";
				SWIFT_EMIT_LOC_STRINGS = NO;
				SWIFT_VERSION = 5.0;
				TARGETED_DEVICE_FAMILY = "1,2";
				TEST_TARGET_NAME = "sample-ios";
			};
			name = Debug;
		};
		AAF3CD872B576C780067D3BB /* Release */ = {
			isa = XCBuildConfiguration;
			buildSettings = {
				ALWAYS_EMBED_SWIFT_STANDARD_LIBRARIES = YES;
				CODE_SIGN_STYLE = Automatic;
				CURRENT_PROJECT_VERSION = 1;
				DEVELOPMENT_TEAM = S3QP8TRX3L;
				GENERATE_INFOPLIST_FILE = YES;
				MARKETING_VERSION = 1.0;
				PRODUCT_BUNDLE_IDENTIFIER = "com.fateindestiny.study.sample-iosUITests";
				PRODUCT_NAME = "$(TARGET_NAME)";
				SWIFT_EMIT_LOC_STRINGS = NO;
				SWIFT_VERSION = 5.0;
				TARGETED_DEVICE_FAMILY = "1,2";
				TEST_TARGET_NAME = "sample-ios";
			};
			name = Release;
		};
/* End XCBuildConfiguration section */

/* Begin XCConfigurationList section */
		AAF3CD562B576C770067D3BB /* Build configuration list for PBXProject "sample-ios" */ = {
			isa = XCConfigurationList;
			buildConfigurations = (
				AAF3CD7D2B576C780067D3BB /* Debug */,
				AAF3CD7E2B576C780067D3BB /* Release */,
			);
			defaultConfigurationIsVisible = 0;
			defaultConfigurationName = Release;
		};
		AAF3CD7F2B576C780067D3BB /* Build configuration list for PBXNativeTarget "sample-ios" */ = {
			isa = XCConfigurationList;
			buildConfigurations = (
				AAF3CD802B576C780067D3BB /* Debug */,
				AAF3CD812B576C780067D3BB /* Release */,
			);
			defaultConfigurationIsVisible = 0;
			defaultConfigurationName = Release;
		};
		AAF3CD822B576C780067D3BB /* Build configuration list for PBXNativeTarget "sample-iosTests" */ = {
			isa = XCConfigurationList;
			buildConfigurations = (
				AAF3CD832B576C780067D3BB /* Debug */,
				AAF3CD842B576C780067D3BB /* Release */,
			);
			defaultConfigurationIsVisible = 0;
			defaultConfigurationName = Release;
		};
		AAF3CD852B576C780067D3BB /* Build configuration list for PBXNativeTarget "sample-iosUITests" */ = {
			isa = XCConfigurationList;
			buildConfigurations = (
				AAF3CD862B576C780067D3BB /* Debug */,
				AAF3CD872B576C780067D3BB /* Release */,
			);
			defaultConfigurationIsVisible = 0;
			defaultConfigurationName = Release;
		};
/* End XCConfigurationList section */
	};
	rootObject = AAF3CD532B576C770067D3BB /* Project object */;
}
